PODS:
  - Flutter (1.0.0)
  - flutter_utils_z (0.0.1):
    - Flutter

DEPENDENCIES:
  - Flutter (from `.symlinks/flutter/ios`)
  - flutter_utils_z (from `.symlinks/plugins/flutter_utils_z/ios`)

EXTERNAL SOURCES:
  Flutter:
    :path: ".symlinks/flutter/ios"
  flutter_utils_z:
    :path: ".symlinks/plugins/flutter_utils_z/ios"

SPEC CHECKSUMS:
  Flutter: 0e3d915762c693b495b44d77113d4970485de6ec
  flutter_utils_z: e89dcf2ac3df28350fe053134f54841f57d57b5d

PODFILE CHECKSUM: b6a0a141693093b304368d08511b46cf3d1d0ac5

COCOAPODS: 1.8.4
